
Microsoft Visual Studio Solution File, Format Version 12.00
# Visual Studio Version 17
VisualStudioVersion = 17.2.32526.322
MinimumVisualStudioVersion = 10.0.40219.1
Project("{FAE04EC0-301F-11D3-BF4B-00C04F79EFBC}") = "CustomExceptionHandlingMiddleware.API", "CustomExceptionHandling.API\CustomExceptionHandlingMiddleware.API.csproj", "{DF4E66F8-410A-4E3C-8B4A-05D8B6CDA19D}"
EndProject
Global
	GlobalSection(SolutionConfigurationPlatforms) = preSolution
		Debug|Any CPU = Debug|Any CPU
		Release|Any CPU = Release|Any CPU
	EndGlobalSection
	GlobalSection(ProjectConfigurationPlatforms) = postSolution
		{DF4E66F8-410A-4E3C-8B4A-05D8B6CDA19D}.Debug|Any CPU.ActiveCfg = Debug|Any CPU
		{DF4E66F8-410A-4E3C-8B4A-05D8B6CDA19D}.Debug|Any CPU.Build.0 = Debug|Any CPU
		{DF4E66F8-410A-4E3C-8B4A-05D8B6CDA19D}.Release|Any CPU.ActiveCfg = Release|Any CPU
		{DF4E66F8-410A-4E3C-8B4A-05D8B6CDA19D}.Release|Any CPU.Build.0 = Release|Any CPU
	EndGlobalSection
	GlobalSection(SolutionProperties) = preSolution
		HideSolutionNode = FALSE
	EndGlobalSection
	GlobalSection(ExtensibilityGlobals) = postSolution
		SolutionGuid = {A6F6AACB-3277-4166-9F93-1F8F461BC737}
	EndGlobalSection
EndGlobal
